
Microsoft Visual Studio Solution File, Format Version 12.00
# Visual Studio Version 16
VisualStudioVersion = 16.0.30621.155
MinimumVisualStudioVersion = 10.0.40219.1
Project("{9A19103F-16F7-4668-BE54-9A1E7A4F7556}") = "api-proxy-salesforce", "api-proxy-salesforce.csproj", "{899C4BC5-944E-45C2-A628-B06CD3D8F8F2}"
EndProject
Global
	GlobalSection(SolutionConfigurationPlatforms) = preSolution
		Debug|Any CPU = Debug|Any CPU
		Release|Any CPU = Release|Any CPU
	EndGlobalSection
	GlobalSection(ProjectConfigurationPlatforms) = postSolution
		{899C4BC5-944E-45C2-A628-B06CD3D8F8F2}.Debug|Any CPU.ActiveCfg = Debug|Any CPU
		{899C4BC5-944E-45C2-A628-B06CD3D8F8F2}.Debug|Any CPU.Build.0 = Debug|Any CPU
		{899C4BC5-944E-45C2-A628-B06CD3D8F8F2}.Release|Any CPU.ActiveCfg = Release|Any CPU
		{899C4BC5-944E-45C2-A628-B06CD3D8F8F2}.Release|Any CPU.Build.0 = Release|Any CPU
	EndGlobalSection
	GlobalSection(SolutionProperties) = preSolution
		HideSolutionNode = FALSE
	EndGlobalSection
	GlobalSection(ExtensibilityGlobals) = postSolution
		SolutionGuid = {A7E1E3F7-D2BA-4B6E-84FC-1841212B40CD}
	EndGlobalSection
EndGlobal
